
Microsoft Visual Studio Solution File, Format Version 12.00
# Visual Studio Version 16
VisualStudioVersion = 16.0.29926.136
MinimumVisualStudioVersion = 10.0.40219.1
Project("{FAE04EC0-301F-11D3-BF4B-00C04F79EFBC}") = "TransVIP", "TransVIP\TransVIP.csproj", "{FA2E7BCA-4E35-415B-90E9-B838D96F220B}"
EndProject
Project("{FAE04EC0-301F-11D3-BF4B-00C04F79EFBC}") = "TransVIP.Test", "TransVIP.Test\TransVIP.Test.csproj", "{383941C8-E316-4B26-A523-3906A5DAB71D}"
EndProject
Global
	GlobalSection(SolutionConfigurationPlatforms) = preSolution
		Debug|Any CPU = Debug|Any CPU
		Release|Any CPU = Release|Any CPU
	EndGlobalSection
	GlobalSection(ProjectConfigurationPlatforms) = postSolution
		{FA2E7BCA-4E35-415B-90E9-B838D96F220B}.Debug|Any CPU.ActiveCfg = Debug|Any CPU
		{FA2E7BCA-4E35-415B-90E9-B838D96F220B}.Debug|Any CPU.Build.0 = Debug|Any CPU
		{FA2E7BCA-4E35-415B-90E9-B838D96F220B}.Release|Any CPU.ActiveCfg = Release|Any CPU
		{FA2E7BCA-4E35-415B-90E9-B838D96F220B}.Release|Any CPU.Build.0 = Release|Any CPU
		{383941C8-E316-4B26-A523-3906A5DAB71D}.Debug|Any CPU.ActiveCfg = Debug|Any CPU
		{383941C8-E316-4B26-A523-3906A5DAB71D}.Debug|Any CPU.Build.0 = Debug|Any CPU
		{383941C8-E316-4B26-A523-3906A5DAB71D}.Release|Any CPU.ActiveCfg = Release|Any CPU
		{383941C8-E316-4B26-A523-3906A5DAB71D}.Release|Any CPU.Build.0 = Release|Any CPU
	EndGlobalSection
	GlobalSection(SolutionProperties) = preSolution
		HideSolutionNode = FALSE
	EndGlobalSection
	GlobalSection(ExtensibilityGlobals) = postSolution
		SolutionGuid = {B1DEDDBD-FEF7-4DF5-91DC-FD817D4A5C81}
	EndGlobalSection
EndGlobal
